
Microsoft Visual Studio Solution File, Format Version 12.00
# Visual Studio Version 17
VisualStudioVersion = 17.3.32901.215
MinimumVisualStudioVersion = 10.0.40219.1
Project("{FAE04EC0-301F-11D3-BF4B-00C04F79EFBC}") = "my-book", "my-book\my-book.csproj", "{94A5523B-E2F6-4F59-AD12-425818F0F63C}"
EndProject
Global
	GlobalSection(SolutionConfigurationPlatforms) = preSolution
		Debug|Any CPU = Debug|Any CPU
		Release|Any CPU = Release|Any CPU
	EndGlobalSection
	GlobalSection(ProjectConfigurationPlatforms) = postSolution
		{94A5523B-E2F6-4F59-AD12-425818F0F63C}.Debug|Any CPU.ActiveCfg = Debug|Any CPU
		{94A5523B-E2F6-4F59-AD12-425818F0F63C}.Debug|Any CPU.Build.0 = Debug|Any CPU
		{94A5523B-E2F6-4F59-AD12-425818F0F63C}.Release|Any CPU.ActiveCfg = Release|Any CPU
		{94A5523B-E2F6-4F59-AD12-425818F0F63C}.Release|Any CPU.Build.0 = Release|Any CPU
	EndGlobalSection
	GlobalSection(SolutionProperties) = preSolution
		HideSolutionNode = FALSE
	EndGlobalSection
	GlobalSection(ExtensibilityGlobals) = postSolution
		SolutionGuid = {A373E345-6144-4806-832A-7333AA2A02CC}
	EndGlobalSection
EndGlobal
